
Microsoft Visual Studio Solution File, Format Version 12.00
# Visual Studio Version 17
VisualStudioVersion = 17.9.34728.123
MinimumVisualStudioVersion = 10.0.40219.1
Project("{FAE04EC0-301F-11D3-BF4B-00C04F79EFBC}") = "Bookings.Api", "Bookings\Bookings.Api.csproj", "{81C3B889-81B1-469A-9DB7-D15C6051A571}"
EndProject
Project("{FAE04EC0-301F-11D3-BF4B-00C04F79EFBC}") = "Bookings.Domain", "Bookings.Domain\Bookings.Domain.csproj", "{1A807D33-BED6-4698-BEE5-7E7FB8609683}"
EndProject
Project("{2150E333-8FDC-42A3-9474-1A3956D46DE8}") = "Core", "Core", "{646AF4C1-8B0E-43AA-83FD-6BF580DE172D}"
EndProject
Project("{2150E333-8FDC-42A3-9474-1A3956D46DE8}") = "Api", "Api", "{46023531-E993-4025-85C7-0CF8A0E5508B}"
EndProject
Project("{FAE04EC0-301F-11D3-BF4B-00C04F79EFBC}") = "Bookings.Application", "Bookings.Application\Bookings.Application.csproj", "{92C26BB1-1483-4573-84E1-112A9472840D}"
EndProject
Project("{2150E333-8FDC-42A3-9474-1A3956D46DE8}") = "Infrastructure", "Infrastructure", "{F0BFBBA0-730E-4AE7-9BD5-C6DC9F49164F}"
EndProject
Project("{FAE04EC0-301F-11D3-BF4B-00C04F79EFBC}") = "Bookings.Infrastructure", "Bookings.Infrastructure\Bookings.Infrastructure.csproj", "{781ADE75-0987-4CCC-AA09-9574644B5FEF}"
EndProject
Global
	GlobalSection(SolutionConfigurationPlatforms) = preSolution
		Debug|Any CPU = Debug|Any CPU
		Release|Any CPU = Release|Any CPU
	EndGlobalSection
	GlobalSection(ProjectConfigurationPlatforms) = postSolution
		{81C3B889-81B1-469A-9DB7-D15C6051A571}.Debug|Any CPU.ActiveCfg = Debug|Any CPU
		{81C3B889-81B1-469A-9DB7-D15C6051A571}.Debug|Any CPU.Build.0 = Debug|Any CPU
		{81C3B889-81B1-469A-9DB7-D15C6051A571}.Release|Any CPU.ActiveCfg = Release|Any CPU
		{81C3B889-81B1-469A-9DB7-D15C6051A571}.Release|Any CPU.Build.0 = Release|Any CPU
		{1A807D33-BED6-4698-BEE5-7E7FB8609683}.Debug|Any CPU.ActiveCfg = Debug|Any CPU
		{1A807D33-BED6-4698-BEE5-7E7FB8609683}.Debug|Any CPU.Build.0 = Debug|Any CPU
		{1A807D33-BED6-4698-BEE5-7E7FB8609683}.Release|Any CPU.ActiveCfg = Release|Any CPU
		{1A807D33-BED6-4698-BEE5-7E7FB8609683}.Release|Any CPU.Build.0 = Release|Any CPU
		{92C26BB1-1483-4573-84E1-112A9472840D}.Debug|Any CPU.ActiveCfg = Debug|Any CPU
		{92C26BB1-1483-4573-84E1-112A9472840D}.Debug|Any CPU.Build.0 = Debug|Any CPU
		{92C26BB1-1483-4573-84E1-112A9472840D}.Release|Any CPU.ActiveCfg = Release|Any CPU
		{92C26BB1-1483-4573-84E1-112A9472840D}.Release|Any CPU.Build.0 = Release|Any CPU
		{781ADE75-0987-4CCC-AA09-9574644B5FEF}.Debug|Any CPU.ActiveCfg = Debug|Any CPU
		{781ADE75-0987-4CCC-AA09-9574644B5FEF}.Debug|Any CPU.Build.0 = Debug|Any CPU
		{781ADE75-0987-4CCC-AA09-9574644B5FEF}.Release|Any CPU.ActiveCfg = Release|Any CPU
		{781ADE75-0987-4CCC-AA09-9574644B5FEF}.Release|Any CPU.Build.0 = Release|Any CPU
	EndGlobalSection
	GlobalSection(SolutionProperties) = preSolution
		HideSolutionNode = FALSE
	EndGlobalSection
	GlobalSection(NestedProjects) = preSolution
		{81C3B889-81B1-469A-9DB7-D15C6051A571} = {46023531-E993-4025-85C7-0CF8A0E5508B}
		{1A807D33-BED6-4698-BEE5-7E7FB8609683} = {646AF4C1-8B0E-43AA-83FD-6BF580DE172D}
		{92C26BB1-1483-4573-84E1-112A9472840D} = {646AF4C1-8B0E-43AA-83FD-6BF580DE172D}
		{781ADE75-0987-4CCC-AA09-9574644B5FEF} = {F0BFBBA0-730E-4AE7-9BD5-C6DC9F49164F}
	EndGlobalSection
	GlobalSection(ExtensibilityGlobals) = postSolution
		SolutionGuid = {A65D6E57-26FD-4E53-8C79-357D5E39E063}
	EndGlobalSection
EndGlobal
